{
  "name": "drizzle-vue-box",
  "version": "0.0.1",
  "lockfileVersion": 2,
  "requires": true,
  "packages": {
    "": {
      "name": "drizzle-vue-box",
      "version": "0.0.1",
      "license": "ISC",
      "dependencies": {
        "openzeppelin-solidity": "^2.1.1"
      }
    },
    "node_modules/openzeppelin-solidity": {
      "version": "2.5.1",
      "resolved": "https://registry.npm.taobao.org/openzeppelin-solidity/download/openzeppelin-solidity-2.5.1.tgz",
      "integrity": "sha1-HNzOMMTGp7ZiXatizNBECoE6tZc="
    }
  },
  "dependencies": {
    "openzeppelin-solidity": {
      "version": "2.5.1",
      "resolved": "https://registry.npm.taobao.org/openzeppelin-solidity/download/openzeppelin-solidity-2.5.1.tgz",
      "integrity": "sha1-HNzOMMTGp7ZiXatizNBECoE6tZc="
    }
  }
}
